
Microsoft Visual Studio Solution File, Format Version 12.00
# Visual Studio Version 17
VisualStudioVersion = 17.9.34728.123
MinimumVisualStudioVersion = 10.0.40219.1
Project("{FAE04EC0-301F-11D3-BF4B-00C04F79EFBC}") = "Gestión_Tickest_Pendientes", "Gestión_Tickest_Pendientes.csproj", "{8F0E506F-04CE-445E-A1CF-E9FD1A01478C}"
EndProject
Global
	GlobalSection(SolutionConfigurationPlatforms) = preSolution
		Debug|Any CPU = Debug|Any CPU
		Release|Any CPU = Release|Any CPU
	EndGlobalSection
	GlobalSection(ProjectConfigurationPlatforms) = postSolution
		{8F0E506F-04CE-445E-A1CF-E9FD1A01478C}.Debug|Any CPU.ActiveCfg = Debug|Any CPU
		{8F0E506F-04CE-445E-A1CF-E9FD1A01478C}.Debug|Any CPU.Build.0 = Debug|Any CPU
		{8F0E506F-04CE-445E-A1CF-E9FD1A01478C}.Release|Any CPU.ActiveCfg = Release|Any CPU
		{8F0E506F-04CE-445E-A1CF-E9FD1A01478C}.Release|Any CPU.Build.0 = Release|Any CPU
	EndGlobalSection
	GlobalSection(SolutionProperties) = preSolution
		HideSolutionNode = FALSE
	EndGlobalSection
	GlobalSection(ExtensibilityGlobals) = postSolution
		SolutionGuid = {BC36672D-7EFA-4128-9C1F-CD4B9AC369A3}
	EndGlobalSection
EndGlobal
